// !$*UTF8*$!
{
	archiveVersion = 1;
	classes = {
	};
	objectVersion = 55;
	objects = {

/* Begin PBXBuildFile section */
		5B8A917828730DF70060CB78 /* AppDelegate.swift in Sources */ = {isa = PBXBuildFile; fileRef = 5B8A917728730DF70060CB78 /* AppDelegate.swift */; };
		5B8A917A28730DF70060CB78 /* SceneDelegate.swift in Sources */ = {isa = PBXBuildFile; fileRef = 5B8A917928730DF70060CB78 /* SceneDelegate.swift */; };
		5B8A917C28730DF70060CB78 /* MainViewController.swift in Sources */ = {isa = PBXBuildFile; fileRef = 5B8A917B28730DF70060CB78 /* MainViewController.swift */; };
		5B8A918128730DFA0060CB78 /* Assets.xcassets in Resources */ = {isa = PBXBuildFile; fileRef = 5B8A918028730DFA0060CB78 /* Assets.xcassets */; };
		5B8A918428730DFA0060CB78 /* LaunchScreen.storyboard in Resources */ = {isa = PBXBuildFile; fileRef = 5B8A918228730DFA0060CB78 /* LaunchScreen.storyboard */; };
		5B8A91912873101A0060CB78 /* NutritionalInformation.swift in Sources */ = {isa = PBXBuildFile; fileRef = 5B8A91902873101A0060CB78 /* NutritionalInformation.swift */; };
		5B8A9193287310D00060CB78 /* NutritionalInfoRepresenter.swift in Sources */ = {isa = PBXBuildFile; fileRef = 5B8A9192287310D00060CB78 /* NutritionalInfoRepresenter.swift */; };
		5B8A9195287311340060CB78 /* NutritionalInformationResult.swift in Sources */ = {isa = PBXBuildFile; fileRef = 5B8A9194287311340060CB78 /* NutritionalInformationResult.swift */; };
		5B8A9198287311C20060CB78 /* NutritionalInfoViewModelProtocol.swift in Sources */ = {isa = PBXBuildFile; fileRef = 5B8A9197287311C20060CB78 /* NutritionalInfoViewModelProtocol.swift */; };
		5B8A919B287312090060CB78 /* ViewModelState.swift in Sources */ = {isa = PBXBuildFile; fileRef = 5B8A919A287312090060CB78 /* ViewModelState.swift */; };
		5B8A919D287312800060CB78 /* Error.swift in Sources */ = {isa = PBXBuildFile; fileRef = 5B8A919C287312800060CB78 /* Error.swift */; };
		5B8A919F2873130C0060CB78 /* NutritionalInfoService.swift in Sources */ = {isa = PBXBuildFile; fileRef = 5B8A919E2873130C0060CB78 /* NutritionalInfoService.swift */; };
		5B8A91A3287314F90060CB78 /* NutritionalInfoViewModel.swift in Sources */ = {isa = PBXBuildFile; fileRef = 5B8A91A2287314F90060CB78 /* NutritionalInfoViewModel.swift */; };
		5B8A91AD28734C670060CB78 /* NutritionalInfoView.swift in Sources */ = {isa = PBXBuildFile; fileRef = 5B8A91AC28734C670060CB78 /* NutritionalInfoView.swift */; };
		5B8A91B028734CCB0060CB78 /* CircleView.swift in Sources */ = {isa = PBXBuildFile; fileRef = 5B8A91AF28734CCB0060CB78 /* CircleView.swift */; };
		5B8A91B228734CFC0060CB78 /* CaloriesView.swift in Sources */ = {isa = PBXBuildFile; fileRef = 5B8A91B128734CFC0060CB78 /* CaloriesView.swift */; };
		5B8A91B428734D6E0060CB78 /* LabelView.swift in Sources */ = {isa = PBXBuildFile; fileRef = 5B8A91B328734D6E0060CB78 /* LabelView.swift */; };
		5B8A91B628734D970060CB78 /* PercentagesView.swift in Sources */ = {isa = PBXBuildFile; fileRef = 5B8A91B528734D970060CB78 /* PercentagesView.swift */; };
		5B8A91B828734DE70060CB78 /* ColorsAssets.xcassets in Resources */ = {isa = PBXBuildFile; fileRef = 5B8A91B728734DE70060CB78 /* ColorsAssets.xcassets */; };
		5B8A91BB28734E340060CB78 /* UIColot+Custom.swift in Sources */ = {isa = PBXBuildFile; fileRef = 5B8A91BA28734E340060CB78 /* UIColot+Custom.swift */; };
		5B8A91BD28734E680060CB78 /* UIView+AnimateBorder.swift in Sources */ = {isa = PBXBuildFile; fileRef = 5B8A91BC28734E680060CB78 /* UIView+AnimateBorder.swift */; };
/* End PBXBuildFile section */

/* Begin PBXFileReference section */
		5B8A917428730DF70060CB78 /* Nutritional Info.app */ = {isa = PBXFileReference; explicitFileType = wrapper.application; includeInIndex = 0; path = "Nutritional Info.app"; sourceTree = BUILT_PRODUCTS_DIR; };
		5B8A917728730DF70060CB78 /* AppDelegate.swift */ = {isa = PBXFileReference; lastKnownFileType = sourcecode.swift; path = AppDelegate.swift; sourceTree = "<group>"; };
		5B8A917928730DF70060CB78 /* SceneDelegate.swift */ = {isa = PBXFileReference; lastKnownFileType = sourcecode.swift; path = SceneDelegate.swift; sourceTree = "<group>"; };
		5B8A917B28730DF70060CB78 /* MainViewController.swift */ = {isa = PBXFileReference; lastKnownFileType = sourcecode.swift; path = MainViewController.swift; sourceTree = "<group>"; };
		5B8A918028730DFA0060CB78 /* Assets.xcassets */ = {isa = PBXFileReference; lastKnownFileType = folder.assetcatalog; path = Assets.xcassets; sourceTree = "<group>"; };
		5B8A918328730DFA0060CB78 /* Base */ = {isa = PBXFileReference; lastKnownFileType = file.storyboard; name = Base; path = Base.lproj/LaunchScreen.storyboard; sourceTree = "<group>"; };
		5B8A918528730DFA0060CB78 /* Info.plist */ = {isa = PBXFileReference; lastKnownFileType = text.plist.xml; path = Info.plist; sourceTree = "<group>"; };
		5B8A91902873101A0060CB78 /* NutritionalInformation.swift */ = {isa = PBXFileReference; lastKnownFileType = sourcecode.swift; path = NutritionalInformation.swift; sourceTree = "<group>"; };
		5B8A9192287310D00060CB78 /* NutritionalInfoRepresenter.swift */ = {isa = PBXFileReference; lastKnownFileType = sourcecode.swift; path = NutritionalInfoRepresenter.swift; sourceTree = "<group>"; };
		5B8A9194287311340060CB78 /* NutritionalInformationResult.swift */ = {isa = PBXFileReference; lastKnownFileType = sourcecode.swift; path = NutritionalInformationResult.swift; sourceTree = "<group>"; };
		5B8A9197287311C20060CB78 /* NutritionalInfoViewModelProtocol.swift */ = {isa = PBXFileReference; lastKnownFileType = sourcecode.swift; path = NutritionalInfoViewModelProtocol.swift; sourceTree = "<group>"; };
		5B8A919A287312090060CB78 /* ViewModelState.swift */ = {isa = PBXFileReference; lastKnownFileType = sourcecode.swift; path = ViewModelState.swift; sourceTree = "<group>"; };
		5B8A919C287312800060CB78 /* Error.swift */ = {isa = PBXFileReference; lastKnownFileType = sourcecode.swift; path = Error.swift; sourceTree = "<group>"; };
		5B8A919E2873130C0060CB78 /* NutritionalInfoService.swift */ = {isa = PBXFileReference; lastKnownFileType = sourcecode.swift; path = NutritionalInfoService.swift; sourceTree = "<group>"; };
		5B8A91A2287314F90060CB78 /* NutritionalInfoViewModel.swift */ = {isa = PBXFileReference; lastKnownFileType = sourcecode.swift; path = NutritionalInfoViewModel.swift; sourceTree = "<group>"; };
		5B8A91AC28734C670060CB78 /* NutritionalInfoView.swift */ = {isa = PBXFileReference; lastKnownFileType = sourcecode.swift; path = NutritionalInfoView.swift; sourceTree = "<group>"; };
		5B8A91AF28734CCB0060CB78 /* CircleView.swift */ = {isa = PBXFileReference; lastKnownFileType = sourcecode.swift; path = CircleView.swift; sourceTree = "<group>"; };
		5B8A91B128734CFC0060CB78 /* CaloriesView.swift */ = {isa = PBXFileReference; lastKnownFileType = sourcecode.swift; path = CaloriesView.swift; sourceTree = "<group>"; };
		5B8A91B328734D6E0060CB78 /* LabelView.swift */ = {isa = PBXFileReference; lastKnownFileType = sourcecode.swift; path = LabelView.swift; sourceTree = "<group>"; };
		5B8A91B528734D970060CB78 /* PercentagesView.swift */ = {isa = PBXFileReference; lastKnownFileType = sourcecode.swift; path = PercentagesView.swift; sourceTree = "<group>"; };
		5B8A91B728734DE70060CB78 /* ColorsAssets.xcassets */ = {isa = PBXFileReference; lastKnownFileType = folder.assetcatalog; path = ColorsAssets.xcassets; sourceTree = "<group>"; };
		5B8A91BA28734E340060CB78 /* UIColot+Custom.swift */ = {isa = PBXFileReference; lastKnownFileType = sourcecode.swift; path = "UIColot+Custom.swift"; sourceTree = "<group>"; };
		5B8A91BC28734E680060CB78 /* UIView+AnimateBorder.swift */ = {isa = PBXFileReference; lastKnownFileType = sourcecode.swift; path = "UIView+AnimateBorder.swift"; sourceTree = "<group>"; };
/* End PBXFileReference section */

/* Begin PBXFrameworksBuildPhase section */
		5B8A917128730DF70060CB78 /* Frameworks */ = {
			isa = PBXFrameworksBuildPhase;
			buildActionMask = 2147483647;
			files = (
			);
			runOnlyForDeploymentPostprocessing = 0;
		};
/* End PBXFrameworksBuildPhase section */

/* Begin PBXGroup section */
		5B8A916B28730DF70060CB78 = {
			isa = PBXGroup;
			children = (
				5B8A917628730DF70060CB78 /* Nutritional Info */,
				5B8A917528730DF70060CB78 /* Products */,
			);
			sourceTree = "<group>";
		};
		5B8A917528730DF70060CB78 /* Products */ = {
			isa = PBXGroup;
			children = (
				5B8A917428730DF70060CB78 /* Nutritional Info.app */,
			);
			name = Products;
			sourceTree = "<group>";
		};
		5B8A917628730DF70060CB78 /* Nutritional Info */ = {
			isa = PBXGroup;
			children = (
				5B8A918B28730EB70060CB78 /* App Delegate */,
				5B8A9196287311780060CB78 /* View Models */,
				5B8A91A0287314810060CB78 /* Service */,
				5B8A918F28730FA70060CB78 /* Models */,
				5B8A918C28730EF20060CB78 /* Views */,
				5B8A91B928734E180060CB78 /* Extensions */,
				5B8A918E28730F640060CB78 /* Assets */,
				5B8A918528730DFA0060CB78 /* Info.plist */,
			);
			path = "Nutritional Info";
			sourceTree = "<group>";
		};
		5B8A918B28730EB70060CB78 /* App Delegate */ = {
			isa = PBXGroup;
			children = (
				5B8A917728730DF70060CB78 /* AppDelegate.swift */,
				5B8A917928730DF70060CB78 /* SceneDelegate.swift */,
			);
			path = "App Delegate";
			sourceTree = "<group>";
		};
		5B8A918C28730EF20060CB78 /* Views */ = {
			isa = PBXGroup;
			children = (
				5B8A917B28730DF70060CB78 /* MainViewController.swift */,
				5B8A91AC28734C670060CB78 /* NutritionalInfoView.swift */,
				5B8A918228730DFA0060CB78 /* LaunchScreen.storyboard */,
				5B8A91AE28734CAF0060CB78 /* Custom Views */,
			);
			path = Views;
			sourceTree = "<group>";
		};
		5B8A918E28730F640060CB78 /* Assets */ = {
			isa = PBXGroup;
			children = (
				5B8A918028730DFA0060CB78 /* Assets.xcassets */,
				5B8A91B728734DE70060CB78 /* ColorsAssets.xcassets */,
			);
			path = Assets;
			sourceTree = "<group>";
		};
		5B8A918F28730FA70060CB78 /* Models */ = {
			isa = PBXGroup;
			children = (
				5B8A91902873101A0060CB78 /* NutritionalInformation.swift */,
				5B8A9192287310D00060CB78 /* NutritionalInfoRepresenter.swift */,
				5B8A9194287311340060CB78 /* NutritionalInformationResult.swift */,
				5B8A919C287312800060CB78 /* Error.swift */,
			);
			path = Models;
			sourceTree = "<group>";
		};
		5B8A9196287311780060CB78 /* View Models */ = {
			isa = PBXGroup;
			children = (
				5B8A9197287311C20060CB78 /* NutritionalInfoViewModelProtocol.swift */,
				5B8A919A287312090060CB78 /* ViewModelState.swift */,
				5B8A91A2287314F90060CB78 /* NutritionalInfoViewModel.swift */,
			);
			path = "View Models";
			sourceTree = "<group>";
		};
		5B8A91A0287314810060CB78 /* Service */ = {
			isa = PBXGroup;
			children = (
				5B8A919E2873130C0060CB78 /* NutritionalInfoService.swift */,
			);
			path = Service;
			sourceTree = "<group>";
		};
		5B8A91AE28734CAF0060CB78 /* Custom Views */ = {
			isa = PBXGroup;
			children = (
				5B8A91AF28734CCB0060CB78 /* CircleView.swift */,
				5B8A91B128734CFC0060CB78 /* CaloriesView.swift */,
				5B8A91B328734D6E0060CB78 /* LabelView.swift */,
				5B8A91B528734D970060CB78 /* PercentagesView.swift */,
			);
			path = "Custom Views";
			sourceTree = "<group>";
		};
		5B8A91B928734E180060CB78 /* Extensions */ = {
			isa = PBXGroup;
			children = (
				5B8A91BA28734E340060CB78 /* UIColot+Custom.swift */,
				5B8A91BC28734E680060CB78 /* UIView+AnimateBorder.swift */,
			);
			path = Extensions;
			sourceTree = "<group>";
		};
/* End PBXGroup section */

/* Begin PBXNativeTarget section */
		5B8A917328730DF70060CB78 /* Nutritional Info */ = {
			isa = PBXNativeTarget;
			buildConfigurationList = 5B8A918828730DFA0060CB78 /* Build configuration list for PBXNativeTarget "Nutritional Info" */;
			buildPhases = (
				5B8A917028730DF70060CB78 /* Sources */,
				5B8A917128730DF70060CB78 /* Frameworks */,
				5B8A917228730DF70060CB78 /* Resources */,
			);
			buildRules = (
			);
			dependencies = (
			);
			name = "Nutritional Info";
			productName = "Nutritional Info";
			productReference = 5B8A917428730DF70060CB78 /* Nutritional Info.app */;
			productType = "com.apple.product-type.application";
		};
/* End PBXNativeTarget section */

/* Begin PBXProject section */
		5B8A916C28730DF70060CB78 /* Project object */ = {
			isa = PBXProject;
			attributes = {
				BuildIndependentTargetsInParallel = 1;
				LastSwiftUpdateCheck = 1340;
				LastUpgradeCheck = 1340;
				TargetAttributes = {
					5B8A917328730DF70060CB78 = {
						CreatedOnToolsVersion = 13.4.1;
					};
				};
			};
			buildConfigurationList = 5B8A916F28730DF70060CB78 /* Build configuration list for PBXProject "Nutritional Info" */;
			compatibilityVersion = "Xcode 13.0";
			developmentRegion = en;
			hasScannedForEncodings = 0;
			knownRegions = (
				en,
				Base,
			);
			mainGroup = 5B8A916B28730DF70060CB78;
			productRefGroup = 5B8A917528730DF70060CB78 /* Products */;
			projectDirPath = "";
			projectRoot = "";
			targets = (
				5B8A917328730DF70060CB78 /* Nutritional Info */,
			);
		};
/* End PBXProject section */

/* Begin PBXResourcesBuildPhase section */
		5B8A917228730DF70060CB78 /* Resources */ = {
			isa = PBXResourcesBuildPhase;
			buildActionMask = 2147483647;
			files = (
				5B8A918428730DFA0060CB78 /* LaunchScreen.storyboard in Resources */,
				5B8A918128730DFA0060CB78 /* Assets.xcassets in Resources */,
				5B8A91B828734DE70060CB78 /* ColorsAssets.xcassets in Resources */,
			);
			runOnlyForDeploymentPostprocessing = 0;
		};
/* End PBXResourcesBuildPhase section */

/* Begin PBXSourcesBuildPhase section */
		5B8A917028730DF70060CB78 /* Sources */ = {
			isa = PBXSourcesBuildPhase;
			buildActionMask = 2147483647;
			files = (
				5B8A917C28730DF70060CB78 /* MainViewController.swift in Sources */,
				5B8A9195287311340060CB78 /* NutritionalInformationResult.swift in Sources */,
				5B8A917828730DF70060CB78 /* AppDelegate.swift in Sources */,
				5B8A919F2873130C0060CB78 /* NutritionalInfoService.swift in Sources */,
				5B8A91AD28734C670060CB78 /* NutritionalInfoView.swift in Sources */,
				5B8A91912873101A0060CB78 /* NutritionalInformation.swift in Sources */,
				5B8A91B228734CFC0060CB78 /* CaloriesView.swift in Sources */,
				5B8A919B287312090060CB78 /* ViewModelState.swift in Sources */,
				5B8A91BD28734E680060CB78 /* UIView+AnimateBorder.swift in Sources */,
				5B8A91A3287314F90060CB78 /* NutritionalInfoViewModel.swift in Sources */,
				5B8A91B028734CCB0060CB78 /* CircleView.swift in Sources */,
				5B8A917A28730DF70060CB78 /* SceneDelegate.swift in Sources */,
				5B8A9193287310D00060CB78 /* NutritionalInfoRepresenter.swift in Sources */,
				5B8A91B628734D970060CB78 /* PercentagesView.swift in Sources */,
				5B8A919D287312800060CB78 /* Error.swift in Sources */,
				5B8A9198287311C20060CB78 /* NutritionalInfoViewModelProtocol.swift in Sources */,
				5B8A91B428734D6E0060CB78 /* LabelView.swift in Sources */,
				5B8A91BB28734E340060CB78 /* UIColot+Custom.swift in Sources */,
			);
			runOnlyForDeploymentPostprocessing = 0;
		};
/* End PBXSourcesBuildPhase section */

/* Begin PBXVariantGroup section */
		5B8A918228730DFA0060CB78 /* LaunchScreen.storyboard */ = {
			isa = PBXVariantGroup;
			children = (
				5B8A918328730DFA0060CB78 /* Base */,
			);
			name = LaunchScreen.storyboard;
			sourceTree = "<group>";
		};
/* End PBXVariantGroup section */

/* Begin XCBuildConfiguration section */
		5B8A918628730DFA0060CB78 /* Debug */ = {
			isa = XCBuildConfiguration;
			buildSettings = {
				ALWAYS_SEARCH_USER_PATHS = NO;
				CLANG_ANALYZER_NONNULL = YES;
				CLANG_ANALYZER_NUMBER_OBJECT_CONVERSION = YES_AGGRESSIVE;
				CLANG_CXX_LANGUAGE_STANDARD = "gnu++17";
				CLANG_ENABLE_MODULES = YES;
				CLANG_ENABLE_OBJC_ARC = YES;
				CLANG_ENABLE_OBJC_WEAK = YES;
				CLANG_WARN_BLOCK_CAPTURE_AUTORELEASING = YES;
				CLANG_WARN_BOOL_CONVERSION = YES;
				CLANG_WARN_COMMA = YES;
				CLANG_WARN_CONSTANT_CONVERSION = YES;
				CLANG_WARN_DEPRECATED_OBJC_IMPLEMENTATIONS = YES;
				CLANG_WARN_DIRECT_OBJC_ISA_USAGE = YES_ERROR;
				CLANG_WARN_DOCUMENTATION_COMMENTS = YES;
				CLANG_WARN_EMPTY_BODY = YES;
				CLANG_WARN_ENUM_CONVERSION = YES;
				CLANG_WARN_INFINITE_RECURSION = YES;
				CLANG_WARN_INT_CONVERSION = YES;
				CLANG_WARN_NON_LITERAL_NULL_CONVERSION = YES;
				CLANG_WARN_OBJC_IMPLICIT_RETAIN_SELF = YES;
				CLANG_WARN_OBJC_LITERAL_CONVERSION = YES;
				CLANG_WARN_OBJC_ROOT_CLASS = YES_ERROR;
				CLANG_WARN_QUOTED_INCLUDE_IN_FRAMEWORK_HEADER = YES;
				CLANG_WARN_RANGE_LOOP_ANALYSIS = YES;
				CLANG_WARN_STRICT_PROTOTYPES = YES;
				CLANG_WARN_SUSPICIOUS_MOVE = YES;
				CLANG_WARN_UNGUARDED_AVAILABILITY = YES_AGGRESSIVE;
				CLANG_WARN_UNREACHABLE_CODE = YES;
				CLANG_WARN__DUPLICATE_METHOD_MATCH = YES;
				COPY_PHASE_STRIP = NO;
				DEBUG_INFORMATION_FORMAT = dwarf;
				ENABLE_STRICT_OBJC_MSGSEND = YES;
				ENABLE_TESTABILITY = YES;
				GCC_C_LANGUAGE_STANDARD = gnu11;
				GCC_DYNAMIC_NO_PIC = NO;
				GCC_NO_COMMON_BLOCKS = YES;
				GCC_OPTIMIZATION_LEVEL = 0;
				GCC_PREPROCESSOR_DEFINITIONS = (
					"DEBUG=1",
					"$(inherited)",
				);
				GCC_WARN_64_TO_32_BIT_CONVERSION = YES;
				GCC_WARN_ABOUT_RETURN_TYPE = YES_ERROR;
				GCC_WARN_UNDECLARED_SELECTOR = YES;
				GCC_WARN_UNINITIALIZED_AUTOS = YES_AGGRESSIVE;
				GCC_WARN_UNUSED_FUNCTION = YES;
				GCC_WARN_UNUSED_VARIABLE = YES;
				IPHONEOS_DEPLOYMENT_TARGET = 13.0;
				MTL_ENABLE_DEBUG_INFO = INCLUDE_SOURCE;
				MTL_FAST_MATH = YES;
				ONLY_ACTIVE_ARCH = YES;
				SDKROOT = iphoneos;
				SWIFT_ACTIVE_COMPILATION_CONDITIONS = DEBUG;
				SWIFT_OPTIMIZATION_LEVEL = "-Onone";
			};
			name = Debug;
		};
		5B8A918728730DFA0060CB78 /* Release */ = {
			isa = XCBuildConfiguration;
			buildSettings = {
				ALWAYS_SEARCH_USER_PATHS = NO;
				CLANG_ANALYZER_NONNULL = YES;
				CLANG_ANALYZER_NUMBER_OBJECT_CONVERSION = YES_AGGRESSIVE;
				CLANG_CXX_LANGUAGE_STANDARD = "gnu++17";
				CLANG_ENABLE_MODULES = YES;
				CLANG_ENABLE_OBJC_ARC = YES;
				CLANG_ENABLE_OBJC_WEAK = YES;
				CLANG_WARN_BLOCK_CAPTURE_AUTORELEASING = YES;
				CLANG_WARN_BOOL_CONVERSION = YES;
				CLANG_WARN_COMMA = YES;
				CLANG_WARN_CONSTANT_CONVERSION = YES;
				CLANG_WARN_DEPRECATED_OBJC_IMPLEMENTATIONS = YES;
				CLANG_WARN_DIRECT_OBJC_ISA_USAGE = YES_ERROR;
				CLANG_WARN_DOCUMENTATION_COMMENTS = YES;
				CLANG_WARN_EMPTY_BODY = YES;
				CLANG_WARN_ENUM_CONVERSION = YES;
				CLANG_WARN_INFINITE_RECURSION = YES;
				CLANG_WARN_INT_CONVERSION = YES;
				CLANG_WARN_NON_LITERAL_NULL_CONVERSION = YES;
				CLANG_WARN_OBJC_IMPLICIT_RETAIN_SELF = YES;
				CLANG_WARN_OBJC_LITERAL_CONVERSION = YES;
				CLANG_WARN_OBJC_ROOT_CLASS = YES_ERROR;
				CLANG_WARN_QUOTED_INCLUDE_IN_FRAMEWORK_HEADER = YES;
				CLANG_WARN_RANGE_LOOP_ANALYSIS = YES;
				CLANG_WARN_STRICT_PROTOTYPES = YES;
				CLANG_WARN_SUSPICIOUS_MOVE = YES;
				CLANG_WARN_UNGUARDED_AVAILABILITY = YES_AGGRESSIVE;
				CLANG_WARN_UNREACHABLE_CODE = YES;
				CLANG_WARN__DUPLICATE_METHOD_MATCH = YES;
				COPY_PHASE_STRIP = NO;
				DEBUG_INFORMATION_FORMAT = "dwarf-with-dsym";
				ENABLE_NS_ASSERTIONS = NO;
				ENABLE_STRICT_OBJC_MSGSEND = YES;
				GCC_C_LANGUAGE_STANDARD = gnu11;
				GCC_NO_COMMON_BLOCKS = YES;
				GCC_WARN_64_TO_32_BIT_CONVERSION = YES;
				GCC_WARN_ABOUT_RETURN_TYPE = YES_ERROR;
				GCC_WARN_UNDECLARED_SELECTOR = YES;
				GCC_WARN_UNINITIALIZED_AUTOS = YES_AGGRESSIVE;
				GCC_WARN_UNUSED_FUNCTION = YES;
				GCC_WARN_UNUSED_VARIABLE = YES;
				IPHONEOS_DEPLOYMENT_TARGET = 13.0;
				MTL_ENABLE_DEBUG_INFO = NO;
				MTL_FAST_MATH = YES;
				SDKROOT = iphoneos;
				SWIFT_COMPILATION_MODE = wholemodule;
				SWIFT_OPTIMIZATION_LEVEL = "-O";
				VALIDATE_PRODUCT = YES;
			};
			name = Release;
		};
		5B8A918928730DFA0060CB78 /* Debug */ = {
			isa = XCBuildConfiguration;
			buildSettings = {
				ASSETCATALOG_COMPILER_APPICON_NAME = AppIcon;
				ASSETCATALOG_COMPILER_GLOBAL_ACCENT_COLOR_NAME = AccentColor;
				CODE_SIGN_STYLE = Automatic;
				CURRENT_PROJECT_VERSION = 1;
				DEVELOPMENT_TEAM = F7RWFZ45WK;
				GENERATE_INFOPLIST_FILE = YES;
				INFOPLIST_FILE = "Nutritional Info/Info.plist";
				INFOPLIST_KEY_UIApplicationSupportsIndirectInputEvents = YES;
				INFOPLIST_KEY_UILaunchStoryboardName = LaunchScreen;
				INFOPLIST_KEY_UISupportedInterfaceOrientations_iPad = "UIInterfaceOrientationPortrait UIInterfaceOrientationPortraitUpsideDown UIInterfaceOrientationLandscapeLeft UIInterfaceOrientationLandscapeRight";
				INFOPLIST_KEY_UISupportedInterfaceOrientations_iPhone = "UIInterfaceOrientationPortrait UIInterfaceOrientationLandscapeLeft UIInterfaceOrientationLandscapeRight";
				IPHONEOS_DEPLOYMENT_TARGET = 13.0;
				LD_RUNPATH_SEARCH_PATHS = (
					"$(inherited)",
					"@executable_path/Frameworks",
				);
				MARKETING_VERSION = 1.0;
				PRODUCT_BUNDLE_IDENTIFIER = "com.fuzzix.Nutritional-Info";
				PRODUCT_NAME = "$(TARGET_NAME)";
				SWIFT_EMIT_LOC_STRINGS = YES;
				SWIFT_VERSION = 5.0;
				TARGETED_DEVICE_FAMILY = "1,2";
			};
			name = Debug;
		};
		5B8A918A28730DFA0060CB78 /* Release */ = {
			isa = XCBuildConfiguration;
			buildSettings = {
				ASSETCATALOG_COMPILER_APPICON_NAME = AppIcon;
				ASSETCATALOG_COMPILER_GLOBAL_ACCENT_COLOR_NAME = AccentColor;
				CODE_SIGN_STYLE = Automatic;
				CURRENT_PROJECT_VERSION = 1;
				DEVELOPMENT_TEAM = F7RWFZ45WK;
				GENERATE_INFOPLIST_FILE = YES;
				INFOPLIST_FILE = "Nutritional Info/Info.plist";
				INFOPLIST_KEY_UIApplicationSupportsIndirectInputEvents = YES;
				INFOPLIST_KEY_UILaunchStoryboardName = LaunchScreen;
				INFOPLIST_KEY_UISupportedInterfaceOrientations_iPad = "UIInterfaceOrientationPortrait UIInterfaceOrientationPortraitUpsideDown UIInterfaceOrientationLandscapeLeft UIInterfaceOrientationLandscapeRight";
				INFOPLIST_KEY_UISupportedInterfaceOrientations_iPhone = "UIInterfaceOrientationPortrait UIInterfaceOrientationLandscapeLeft UIInterfaceOrientationLandscapeRight";
				IPHONEOS_DEPLOYMENT_TARGET = 13.0;
				LD_RUNPATH_SEARCH_PATHS = (
					"$(inherited)",
					"@executable_path/Frameworks",
				);
				MARKETING_VERSION = 1.0;
				PRODUCT_BUNDLE_IDENTIFIER = "com.fuzzix.Nutritional-Info";
				PRODUCT_NAME = "$(TARGET_NAME)";
				SWIFT_EMIT_LOC_STRINGS = YES;
				SWIFT_VERSION = 5.0;
				TARGETED_DEVICE_FAMILY = "1,2";
			};
			name = Release;
		};
/* End XCBuildConfiguration section */

/* Begin XCConfigurationList section */
		5B8A916F28730DF70060CB78 /* Build configuration list for PBXProject "Nutritional Info" */ = {
			isa = XCConfigurationList;
			buildConfigurations = (
				5B8A918628730DFA0060CB78 /* Debug */,
				5B8A918728730DFA0060CB78 /* Release */,
			);
			defaultConfigurationIsVisible = 0;
			defaultConfigurationName = Release;
		};
		5B8A918828730DFA0060CB78 /* Build configuration list for PBXNativeTarget "Nutritional Info" */ = {
			isa = XCConfigurationList;
			buildConfigurations = (
				5B8A918928730DFA0060CB78 /* Debug */,
				5B8A918A28730DFA0060CB78 /* Release */,
			);
			defaultConfigurationIsVisible = 0;
			defaultConfigurationName = Release;
		};
/* End XCConfigurationList section */
	};
	rootObject = 5B8A916C28730DF70060CB78 /* Project object */;
}
